// !$*UTF8*$!
{
	archiveVersion = 1;
	classes = {
	};
	objectVersion = 45;
	objects = {

/* Begin PBXBuildFile section */
		1D3623260D0F684500981E51 /* iWallpaperAppDelegate.m in Sources */ = {isa = PBXBuildFile; fileRef = 1D3623250D0F684500981E51 /* iWallpaperAppDelegate.m */; };
		1D60589B0D05DD56006BFB54 /* main.m in Sources */ = {isa = PBXBuildFile; fileRef = 29B97316FDCFA39411CA2CEA /* main.m */; };
		1D60589F0D05DD5A006BFB54 /* Foundation.framework in Frameworks */ = {isa = PBXBuildFile; fileRef = 1D30AB110D05D00D00671497 /* Foundation.framework */; };
		1DF5F4E00D08C38300B7A737 /* UIKit.framework in Frameworks */ = {isa = PBXBuildFile; fileRef = 1DF5F4DF0D08C38300B7A737 /* UIKit.framework */; };
		288765A50DF7441C002DB57D /* CoreGraphics.framework in Frameworks */ = {isa = PBXBuildFile; fileRef = 288765A40DF7441C002DB57D /* CoreGraphics.framework */; };
		2899E5220DE3E06400AC0155 /* iWallpaperViewController.xib in Resources */ = {isa = PBXBuildFile; fileRef = 2899E5210DE3E06400AC0155 /* iWallpaperViewController.xib */; };
		28AD733F0D9D9553002E5188 /* MainWindow.xib in Resources */ = {isa = PBXBuildFile; fileRef = 28AD733E0D9D9553002E5188 /* MainWindow.xib */; };
		28D7ACF80DDB3853001CB0EB /* iWallpaperViewController.m in Sources */ = {isa = PBXBuildFile; fileRef = 28D7ACF70DDB3853001CB0EB /* iWallpaperViewController.m */; };
		7D7D701E1390DC3E00D0AD82 /* MakeURL.m in Sources */ = {isa = PBXBuildFile; fileRef = 7D7D701D1390DC3E00D0AD82 /* MakeURL.m */; };
		7D7D70CD1390FA6C00D0AD82 /* AsyncImageView.m in Sources */ = {isa = PBXBuildFile; fileRef = 7D7D70CC1390FA6C00D0AD82 /* AsyncImageView.m */; };
		7D7D70E81390FB0F00D0AD82 /* f1.png in Resources */ = {isa = PBXBuildFile; fileRef = 7D7D70DD1390FB0F00D0AD82 /* f1.png */; };
		7D7D70E91390FB0F00D0AD82 /* f2.png in Resources */ = {isa = PBXBuildFile; fileRef = 7D7D70DE1390FB0F00D0AD82 /* f2.png */; };
		7D7D70EA1390FB0F00D0AD82 /* f3.png in Resources */ = {isa = PBXBuildFile; fileRef = 7D7D70DF1390FB0F00D0AD82 /* f3.png */; };
		7D7D70EB1390FB0F00D0AD82 /* f4.png in Resources */ = {isa = PBXBuildFile; fileRef = 7D7D70E01390FB0F00D0AD82 /* f4.png */; };
		7D7D70EC1390FB0F00D0AD82 /* f5.png in Resources */ = {isa = PBXBuildFile; fileRef = 7D7D70E11390FB0F00D0AD82 /* f5.png */; };
		7D7D70ED1390FB0F00D0AD82 /* f6.png in Resources */ = {isa = PBXBuildFile; fileRef = 7D7D70E21390FB0F00D0AD82 /* f6.png */; };
		7D7D70EE1390FB0F00D0AD82 /* f7.png in Resources */ = {isa = PBXBuildFile; fileRef = 7D7D70E31390FB0F00D0AD82 /* f7.png */; };
		7D7D70EF1390FB0F00D0AD82 /* f8.png in Resources */ = {isa = PBXBuildFile; fileRef = 7D7D70E41390FB0F00D0AD82 /* f8.png */; };
		7D7D70F01390FB0F00D0AD82 /* f9.png in Resources */ = {isa = PBXBuildFile; fileRef = 7D7D70E51390FB0F00D0AD82 /* f9.png */; };
		7D7D70F11390FB0F00D0AD82 /* f10.png in Resources */ = {isa = PBXBuildFile; fileRef = 7D7D70E61390FB0F00D0AD82 /* f10.png */; };
		7D7D70F21390FB0F00D0AD82 /* f11.png in Resources */ = {isa = PBXBuildFile; fileRef = 7D7D70E71390FB0F00D0AD82 /* f11.png */; };
		7D7D70F41390FB2400D0AD82 /* download_error_small.png in Resources */ = {isa = PBXBuildFile; fileRef = 7D7D70F31390FB2400D0AD82 /* download_error_small.png */; };
		7D840114138FBC2100398B12 /* DataLoad.m in Sources */ = {isa = PBXBuildFile; fileRef = 7D840113138FBC2100398B12 /* DataLoad.m */; };
		7D840124138FBC4100398B12 /* NSObject+SBJSON.m in Sources */ = {isa = PBXBuildFile; fileRef = 7D840119138FBC4100398B12 /* NSObject+SBJSON.m */; };
		7D840125138FBC4100398B12 /* NSString+SBJSON.m in Sources */ = {isa = PBXBuildFile; fileRef = 7D84011B138FBC4100398B12 /* NSString+SBJSON.m */; };
		7D840126138FBC4100398B12 /* SBJSON.m in Sources */ = {isa = PBXBuildFile; fileRef = 7D84011D138FBC4100398B12 /* SBJSON.m */; };
		7D840127138FBC4100398B12 /* SBJsonBase.m in Sources */ = {isa = PBXBuildFile; fileRef = 7D84011F138FBC4100398B12 /* SBJsonBase.m */; };
		7D840128138FBC4100398B12 /* SBJsonParser.m in Sources */ = {isa = PBXBuildFile; fileRef = 7D840121138FBC4100398B12 /* SBJsonParser.m */; };
		7D840129138FBC4100398B12 /* SBJsonWriter.m in Sources */ = {isa = PBXBuildFile; fileRef = 7D840123138FBC4100398B12 /* SBJsonWriter.m */; };
		7D84012C138FBC5600398B12 /* AsynchronousParser.m in Sources */ = {isa = PBXBuildFile; fileRef = 7D84012B138FBC5600398B12 /* AsynchronousParser.m */; };
		7D9DB2F0139108D1004415B5 /* LoadingAlert.png in Resources */ = {isa = PBXBuildFile; fileRef = 7D9DB2EF139108D1004415B5 /* LoadingAlert.png */; };
		7DC70E111393782C007AF5D1 /* Category.m in Sources */ = {isa = PBXBuildFile; fileRef = 7DC70E0F1393782C007AF5D1 /* Category.m */; };
		7DC70E121393782C007AF5D1 /* Category.xib in Resources */ = {isa = PBXBuildFile; fileRef = 7DC70E101393782C007AF5D1 /* Category.xib */; };
/* End PBXBuildFile section */

/* Begin PBXFileReference section */
		1D30AB110D05D00D00671497 /* Foundation.framework */ = {isa = PBXFileReference; lastKnownFileType = wrapper.framework; name = Foundation.framework; path = System/Library/Frameworks/Foundation.framework; sourceTree = SDKROOT; };
		1D3623240D0F684500981E51 /* iWallpaperAppDelegate.h */ = {isa = PBXFileReference; fileEncoding = 4; lastKnownFileType = sourcecode.c.h; path = iWallpaperAppDelegate.h; sourceTree = "<group>"; };
		1D3623250D0F684500981E51 /* iWallpaperAppDelegate.m */ = {isa = PBXFileReference; fileEncoding = 4; lastKnownFileType = sourcecode.c.objc; path = iWallpaperAppDelegate.m; sourceTree = "<group>"; };
		1D6058910D05DD3D006BFB54 /* iWallpaper.app */ = {isa = PBXFileReference; explicitFileType = wrapper.application; includeInIndex = 0; path = iWallpaper.app; sourceTree = BUILT_PRODUCTS_DIR; };
		1DF5F4DF0D08C38300B7A737 /* UIKit.framework */ = {isa = PBXFileReference; lastKnownFileType = wrapper.framework; name = UIKit.framework; path = System/Library/Frameworks/UIKit.framework; sourceTree = SDKROOT; };
		288765A40DF7441C002DB57D /* CoreGraphics.framework */ = {isa = PBXFileReference; lastKnownFileType = wrapper.framework; name = CoreGraphics.framework; path = System/Library/Frameworks/CoreGraphics.framework; sourceTree = SDKROOT; };
		2899E5210DE3E06400AC0155 /* iWallpaperViewController.xib */ = {isa = PBXFileReference; lastKnownFileType = file.xib; path = iWallpaperViewController.xib; sourceTree = "<group>"; };
		28AD733E0D9D9553002E5188 /* MainWindow.xib */ = {isa = PBXFileReference; lastKnownFileType = file.xib; path = MainWindow.xib; sourceTree = "<group>"; };
		28D7ACF60DDB3853001CB0EB /* iWallpaperViewController.h */ = {isa = PBXFileReference; fileEncoding = 4; lastKnownFileType = sourcecode.c.h; path = iWallpaperViewController.h; sourceTree = "<group>"; };
		28D7ACF70DDB3853001CB0EB /* iWallpaperViewController.m */ = {isa = PBXFileReference; fileEncoding = 4; lastKnownFileType = sourcecode.c.objc; path = iWallpaperViewController.m; sourceTree = "<group>"; };
		29B97316FDCFA39411CA2CEA /* main.m */ = {isa = PBXFileReference; fileEncoding = 4; lastKnownFileType = sourcecode.c.objc; path = main.m; sourceTree = "<group>"; };
		32CA4F630368D1EE00C91783 /* iWallpaper_Prefix.pch */ = {isa = PBXFileReference; fileEncoding = 4; lastKnownFileType = sourcecode.c.h; path = iWallpaper_Prefix.pch; sourceTree = "<group>"; };
		7D7D701C1390DC3E00D0AD82 /* MakeURL.h */ = {isa = PBXFileReference; fileEncoding = 4; lastKnownFileType = sourcecode.c.h; path = MakeURL.h; sourceTree = "<group>"; };
		7D7D701D1390DC3E00D0AD82 /* MakeURL.m */ = {isa = PBXFileReference; fileEncoding = 4; lastKnownFileType = sourcecode.c.objc; path = MakeURL.m; sourceTree = "<group>"; };
		7D7D70CB1390FA6C00D0AD82 /* AsyncImageView.h */ = {isa = PBXFileReference; fileEncoding = 4; lastKnownFileType = sourcecode.c.h; path = AsyncImageView.h; sourceTree = "<group>"; };
		7D7D70CC1390FA6C00D0AD82 /* AsyncImageView.m */ = {isa = PBXFileReference; fileEncoding = 4; lastKnownFileType = sourcecode.c.objc; path = AsyncImageView.m; sourceTree = "<group>"; };
		7D7D70DD1390FB0F00D0AD82 /* f1.png */ = {isa = PBXFileReference; lastKnownFileType = image.png; path = f1.png; sourceTree = "<group>"; };
		7D7D70DE1390FB0F00D0AD82 /* f2.png */ = {isa = PBXFileReference; lastKnownFileType = image.png; path = f2.png; sourceTree = "<group>"; };
		7D7D70DF1390FB0F00D0AD82 /* f3.png */ = {isa = PBXFileReference; lastKnownFileType = image.png; path = f3.png; sourceTree = "<group>"; };
		7D7D70E01390FB0F00D0AD82 /* f4.png */ = {isa = PBXFileReference; lastKnownFileType = image.png; path = f4.png; sourceTree = "<group>"; };
		7D7D70E11390FB0F00D0AD82 /* f5.png */ = {isa = PBXFileReference; lastKnownFileType = image.png; path = f5.png; sourceTree = "<group>"; };
		7D7D70E21390FB0F00D0AD82 /* f6.png */ = {isa = PBXFileReference; lastKnownFileType = image.png; path = f6.png; sourceTree = "<group>"; };
		7D7D70E31390FB0F00D0AD82 /* f7.png */ = {isa = PBXFileReference; lastKnownFileType = image.png; path = f7.png; sourceTree = "<group>"; };
		7D7D70E41390FB0F00D0AD82 /* f8.png */ = {isa = PBXFileReference; lastKnownFileType = image.png; path = f8.png; sourceTree = "<group>"; };
		7D7D70E51390FB0F00D0AD82 /* f9.png */ = {isa = PBXFileReference; lastKnownFileType = image.png; path = f9.png; sourceTree = "<group>"; };
		7D7D70E61390FB0F00D0AD82 /* f10.png */ = {isa = PBXFileReference; lastKnownFileType = image.png; path = f10.png; sourceTree = "<group>"; };
		7D7D70E71390FB0F00D0AD82 /* f11.png */ = {isa = PBXFileReference; lastKnownFileType = image.png; path = f11.png; sourceTree = "<group>"; };
		7D7D70F31390FB2400D0AD82 /* download_error_small.png */ = {isa = PBXFileReference; lastKnownFileType = image.png; path = download_error_small.png; sourceTree = "<group>"; };
		7D840112138FBC2100398B12 /* DataLoad.h */ = {isa = PBXFileReference; fileEncoding = 4; lastKnownFileType = sourcecode.c.h; name = DataLoad.h; path = ../DataLoad.h; sourceTree = "<group>"; };
		7D840113138FBC2100398B12 /* DataLoad.m */ = {isa = PBXFileReference; fileEncoding = 4; lastKnownFileType = sourcecode.c.objc; name = DataLoad.m; path = ../DataLoad.m; sourceTree = "<group>"; };
		7D840117138FBC4100398B12 /* JSON.h */ = {isa = PBXFileReference; fileEncoding = 4; lastKnownFileType = sourcecode.c.h; path = JSON.h; sourceTree = "<group>"; };
		7D840118138FBC4100398B12 /* NSObject+SBJSON.h */ = {isa = PBXFileReference; fileEncoding = 4; lastKnownFileType = sourcecode.c.h; path = "NSObject+SBJSON.h"; sourceTree = "<group>"; };
		7D840119138FBC4100398B12 /* NSObject+SBJSON.m */ = {isa = PBXFileReference; fileEncoding = 4; lastKnownFileType = sourcecode.c.objc; path = "NSObject+SBJSON.m"; sourceTree = "<group>"; };
		7D84011A138FBC4100398B12 /* NSString+SBJSON.h */ = {isa = PBXFileReference; fileEncoding = 4; lastKnownFileType = sourcecode.c.h; path = "NSString+SBJSON.h"; sourceTree = "<group>"; };
		7D84011B138FBC4100398B12 /* NSString+SBJSON.m */ = {isa = PBXFileReference; fileEncoding = 4; lastKnownFileType = sourcecode.c.objc; path = "NSString+SBJSON.m"; sourceTree = "<group>"; };
		7D84011C138FBC4100398B12 /* SBJSON.h */ = {isa = PBXFileReference; fileEncoding = 4; lastKnownFileType = sourcecode.c.h; path = SBJSON.h; sourceTree = "<group>"; };
		7D84011D138FBC4100398B12 /* SBJSON.m */ = {isa = PBXFileReference; fileEncoding = 4; lastKnownFileType = sourcecode.c.objc; path = SBJSON.m; sourceTree = "<group>"; };
		7D84011E138FBC4100398B12 /* SBJsonBase.h */ = {isa = PBXFileReference; fileEncoding = 4; lastKnownFileType = sourcecode.c.h; path = SBJsonBase.h; sourceTree = "<group>"; };
		7D84011F138FBC4100398B12 /* SBJsonBase.m */ = {isa = PBXFileReference; fileEncoding = 4; lastKnownFileType = sourcecode.c.objc; path = SBJsonBase.m; sourceTree = "<group>"; };
		7D840120138FBC4100398B12 /* SBJsonParser.h */ = {isa = PBXFileReference; fileEncoding = 4; lastKnownFileType = sourcecode.c.h; path = SBJsonParser.h; sourceTree = "<group>"; };
		7D840121138FBC4100398B12 /* SBJsonParser.m */ = {isa = PBXFileReference; fileEncoding = 4; lastKnownFileType = sourcecode.c.objc; path = SBJsonParser.m; sourceTree = "<group>"; };
		7D840122138FBC4100398B12 /* SBJsonWriter.h */ = {isa = PBXFileReference; fileEncoding = 4; lastKnownFileType = sourcecode.c.h; path = SBJsonWriter.h; sourceTree = "<group>"; };
		7D840123138FBC4100398B12 /* SBJsonWriter.m */ = {isa = PBXFileReference; fileEncoding = 4; lastKnownFileType = sourcecode.c.objc; path = SBJsonWriter.m; sourceTree = "<group>"; };
		7D84012A138FBC5600398B12 /* AsynchronousParser.h */ = {isa = PBXFileReference; fileEncoding = 4; lastKnownFileType = sourcecode.c.h; path = AsynchronousParser.h; sourceTree = "<group>"; };
		7D84012B138FBC5600398B12 /* AsynchronousParser.m */ = {isa = PBXFileReference; fileEncoding = 4; lastKnownFileType = sourcecode.c.objc; path = AsynchronousParser.m; sourceTree = "<group>"; };
		7D9DB2EF139108D1004415B5 /* LoadingAlert.png */ = {isa = PBXFileReference; lastKnownFileType = image.png; path = LoadingAlert.png; sourceTree = "<group>"; };
		7DC70E0E1393782C007AF5D1 /* Category.h */ = {isa = PBXFileReference; fileEncoding = 4; lastKnownFileType = sourcecode.c.h; path = Category.h; sourceTree = "<group>"; };
		7DC70E0F1393782C007AF5D1 /* Category.m */ = {isa = PBXFileReference; fileEncoding = 4; lastKnownFileType = sourcecode.c.objc; path = Category.m; sourceTree = "<group>"; };
		7DC70E101393782C007AF5D1 /* Category.xib */ = {isa = PBXFileReference; lastKnownFileType = file.xib; path = Category.xib; sourceTree = "<group>"; };
		8D1107310486CEB800E47090 /* iWallpaper-Info.plist */ = {isa = PBXFileReference; fileEncoding = 4; lastKnownFileType = text.plist.xml; path = "iWallpaper-Info.plist"; plistStructureDefinitionIdentifier = "com.apple.xcode.plist.structure-definition.iphone.info-plist"; sourceTree = "<group>"; };
/* End PBXFileReference section */

/* Begin PBXFrameworksBuildPhase section */
		1D60588F0D05DD3D006BFB54 /* Frameworks */ = {
			isa = PBXFrameworksBuildPhase;
			buildActionMask = 2147483647;
			files = (
				1D60589F0D05DD5A006BFB54 /* Foundation.framework in Frameworks */,
				1DF5F4E00D08C38300B7A737 /* UIKit.framework in Frameworks */,
				288765A50DF7441C002DB57D /* CoreGraphics.framework in Frameworks */,
			);
			runOnlyForDeploymentPostprocessing = 0;
		};
/* End PBXFrameworksBuildPhase section */

/* Begin PBXGroup section */
		080E96DDFE201D6D7F000001 /* Classes */ = {
			isa = PBXGroup;
			children = (
				7D7D70CA1390FA6C00D0AD82 /* AsynchronousImageLoader */,
				7D840116138FBC4100398B12 /* JSON */,
				7D840115138FBC2800398B12 /* DataLoad */,
				7DC70E141393782F007AF5D1 /* Category */,
				1D3623240D0F684500981E51 /* iWallpaperAppDelegate.h */,
				1D3623250D0F684500981E51 /* iWallpaperAppDelegate.m */,
				28D7ACF60DDB3853001CB0EB /* iWallpaperViewController.h */,
				28D7ACF70DDB3853001CB0EB /* iWallpaperViewController.m */,
			);
			path = Classes;
			sourceTree = "<group>";
		};
		19C28FACFE9D520D11CA2CBB /* Products */ = {
			isa = PBXGroup;
			children = (
				1D6058910D05DD3D006BFB54 /* iWallpaper.app */,
			);
			name = Products;
			sourceTree = "<group>";
		};
		29B97314FDCFA39411CA2CEA /* CustomTemplate */ = {
			isa = PBXGroup;
			children = (
				080E96DDFE201D6D7F000001 /* Classes */,
				29B97315FDCFA39411CA2CEA /* Other Sources */,
				29B97317FDCFA39411CA2CEA /* Resources */,
				29B97323FDCFA39411CA2CEA /* Frameworks */,
				19C28FACFE9D520D11CA2CBB /* Products */,
			);
			name = CustomTemplate;
			sourceTree = "<group>";
		};
		29B97315FDCFA39411CA2CEA /* Other Sources */ = {
			isa = PBXGroup;
			children = (
				32CA4F630368D1EE00C91783 /* iWallpaper_Prefix.pch */,
				29B97316FDCFA39411CA2CEA /* main.m */,
			);
			name = "Other Sources";
			sourceTree = "<group>";
		};
		29B97317FDCFA39411CA2CEA /* Resources */ = {
			isa = PBXGroup;
			children = (
				7D7D70CE1390FAF000D0AD82 /* PlaceMark Images */,
				2899E5210DE3E06400AC0155 /* iWallpaperViewController.xib */,
				7D9DB2EF139108D1004415B5 /* LoadingAlert.png */,
				28AD733E0D9D9553002E5188 /* MainWindow.xib */,
				8D1107310486CEB800E47090 /* iWallpaper-Info.plist */,
			);
			name = Resources;
			sourceTree = "<group>";
		};
		29B97323FDCFA39411CA2CEA /* Frameworks */ = {
			isa = PBXGroup;
			children = (
				1DF5F4DF0D08C38300B7A737 /* UIKit.framework */,
				1D30AB110D05D00D00671497 /* Foundation.framework */,
				288765A40DF7441C002DB57D /* CoreGraphics.framework */,
			);
			name = Frameworks;
			sourceTree = "<group>";
		};
		7D7D70CA1390FA6C00D0AD82 /* AsynchronousImageLoader */ = {
			isa = PBXGroup;
			children = (
				7D7D70CB1390FA6C00D0AD82 /* AsyncImageView.h */,
				7D7D70CC1390FA6C00D0AD82 /* AsyncImageView.m */,
			);
			name = AsynchronousImageLoader;
			sourceTree = "<group>";
		};
		7D7D70CE1390FAF000D0AD82 /* PlaceMark Images */ = {
			isa = PBXGroup;
			children = (
				7D7D70F31390FB2400D0AD82 /* download_error_small.png */,
				7D7D70DC1390FB0F00D0AD82 /* loadimage */,
			);
			name = "PlaceMark Images";
			sourceTree = "<group>";
		};
		7D7D70DC1390FB0F00D0AD82 /* loadimage */ = {
			isa = PBXGroup;
			children = (
				7D7D70DD1390FB0F00D0AD82 /* f1.png */,
				7D7D70DE1390FB0F00D0AD82 /* f2.png */,
				7D7D70DF1390FB0F00D0AD82 /* f3.png */,
				7D7D70E01390FB0F00D0AD82 /* f4.png */,
				7D7D70E11390FB0F00D0AD82 /* f5.png */,
				7D7D70E21390FB0F00D0AD82 /* f6.png */,
				7D7D70E31390FB0F00D0AD82 /* f7.png */,
				7D7D70E41390FB0F00D0AD82 /* f8.png */,
				7D7D70E51390FB0F00D0AD82 /* f9.png */,
				7D7D70E61390FB0F00D0AD82 /* f10.png */,
				7D7D70E71390FB0F00D0AD82 /* f11.png */,
			);
			name = loadimage;
			sourceTree = "<group>";
		};
		7D840115138FBC2800398B12 /* DataLoad */ = {
			isa = PBXGroup;
			children = (
				7D84012A138FBC5600398B12 /* AsynchronousParser.h */,
				7D84012B138FBC5600398B12 /* AsynchronousParser.m */,
				7D840112138FBC2100398B12 /* DataLoad.h */,
				7D840113138FBC2100398B12 /* DataLoad.m */,
				7D7D701C1390DC3E00D0AD82 /* MakeURL.h */,
				7D7D701D1390DC3E00D0AD82 /* MakeURL.m */,
			);
			name = DataLoad;
			sourceTree = "<group>";
		};
		7D840116138FBC4100398B12 /* JSON */ = {
			isa = PBXGroup;
			children = (
				7D840117138FBC4100398B12 /* JSON.h */,
				7D840118138FBC4100398B12 /* NSObject+SBJSON.h */,
				7D840119138FBC4100398B12 /* NSObject+SBJSON.m */,
				7D84011A138FBC4100398B12 /* NSString+SBJSON.h */,
				7D84011B138FBC4100398B12 /* NSString+SBJSON.m */,
				7D84011C138FBC4100398B12 /* SBJSON.h */,
				7D84011D138FBC4100398B12 /* SBJSON.m */,
				7D84011E138FBC4100398B12 /* SBJsonBase.h */,
				7D84011F138FBC4100398B12 /* SBJsonBase.m */,
				7D840120138FBC4100398B12 /* SBJsonParser.h */,
				7D840121138FBC4100398B12 /* SBJsonParser.m */,
				7D840122138FBC4100398B12 /* SBJsonWriter.h */,
				7D840123138FBC4100398B12 /* SBJsonWriter.m */,
			);
			name = JSON;
			sourceTree = "<group>";
		};
		7DC70E141393782F007AF5D1 /* Category */ = {
			isa = PBXGroup;
			children = (
				7DC70E0E1393782C007AF5D1 /* Category.h */,
				7DC70E0F1393782C007AF5D1 /* Category.m */,
				7DC70E101393782C007AF5D1 /* Category.xib */,
			);
			name = Category;
			sourceTree = "<group>";
		};
/* End PBXGroup section */

/* Begin PBXNativeTarget section */
		1D6058900D05DD3D006BFB54 /* iWallpaper */ = {
			isa = PBXNativeTarget;
			buildConfigurationList = 1D6058960D05DD3E006BFB54 /* Build configuration list for PBXNativeTarget "iWallpaper" */;
			buildPhases = (
				1D60588D0D05DD3D006BFB54 /* Resources */,
				1D60588E0D05DD3D006BFB54 /* Sources */,
				1D60588F0D05DD3D006BFB54 /* Frameworks */,
			);
			buildRules = (
			);
			dependencies = (
			);
			name = iWallpaper;
			productName = iWallpaper;
			productReference = 1D6058910D05DD3D006BFB54 /* iWallpaper.app */;
			productType = "com.apple.product-type.application";
		};
/* End PBXNativeTarget section */

/* Begin PBXProject section */
		29B97313FDCFA39411CA2CEA /* Project object */ = {
			isa = PBXProject;
			buildConfigurationList = C01FCF4E08A954540054247B /* Build configuration list for PBXProject "iWallpaper" */;
			compatibilityVersion = "Xcode 3.1";
			developmentRegion = English;
			hasScannedForEncodings = 1;
			knownRegions = (
				English,
				Japanese,
				French,
				German,
			);
			mainGroup = 29B97314FDCFA39411CA2CEA /* CustomTemplate */;
			projectDirPath = "";
			projectRoot = "";
			targets = (
				1D6058900D05DD3D006BFB54 /* iWallpaper */,
			);
		};
/* End PBXProject section */

/* Begin PBXResourcesBuildPhase section */
		1D60588D0D05DD3D006BFB54 /* Resources */ = {
			isa = PBXResourcesBuildPhase;
			buildActionMask = 2147483647;
			files = (
				28AD733F0D9D9553002E5188 /* MainWindow.xib in Resources */,
				2899E5220DE3E06400AC0155 /* iWallpaperViewController.xib in Resources */,
				7D7D70E81390FB0F00D0AD82 /* f1.png in Resources */,
				7D7D70E91390FB0F00D0AD82 /* f2.png in Resources */,
				7D7D70EA1390FB0F00D0AD82 /* f3.png in Resources */,
				7D7D70EB1390FB0F00D0AD82 /* f4.png in Resources */,
				7D7D70EC1390FB0F00D0AD82 /* f5.png in Resources */,
				7D7D70ED1390FB0F00D0AD82 /* f6.png in Resources */,
				7D7D70EE1390FB0F00D0AD82 /* f7.png in Resources */,
				7D7D70EF1390FB0F00D0AD82 /* f8.png in Resources */,
				7D7D70F01390FB0F00D0AD82 /* f9.png in Resources */,
				7D7D70F11390FB0F00D0AD82 /* f10.png in Resources */,
				7D7D70F21390FB0F00D0AD82 /* f11.png in Resources */,
				7D7D70F41390FB2400D0AD82 /* download_error_small.png in Resources */,
				7D9DB2F0139108D1004415B5 /* LoadingAlert.png in Resources */,
				7DC70E121393782C007AF5D1 /* Category.xib in Resources */,
			);
			runOnlyForDeploymentPostprocessing = 0;
		};
/* End PBXResourcesBuildPhase section */

/* Begin PBXSourcesBuildPhase section */
		1D60588E0D05DD3D006BFB54 /* Sources */ = {
			isa = PBXSourcesBuildPhase;
			buildActionMask = 2147483647;
			files = (
				1D60589B0D05DD56006BFB54 /* main.m in Sources */,
				1D3623260D0F684500981E51 /* iWallpaperAppDelegate.m in Sources */,
				28D7ACF80DDB3853001CB0EB /* iWallpaperViewController.m in Sources */,
				7D840114138FBC2100398B12 /* DataLoad.m in Sources */,
				7D840124138FBC4100398B12 /* NSObject+SBJSON.m in Sources */,
				7D840125138FBC4100398B12 /* NSString+SBJSON.m in Sources */,
				7D840126138FBC4100398B12 /* SBJSON.m in Sources */,
				7D840127138FBC4100398B12 /* SBJsonBase.m in Sources */,
				7D840128138FBC4100398B12 /* SBJsonParser.m in Sources */,
				7D840129138FBC4100398B12 /* SBJsonWriter.m in Sources */,
				7D84012C138FBC5600398B12 /* AsynchronousParser.m in Sources */,
				7D7D701E1390DC3E00D0AD82 /* MakeURL.m in Sources */,
				7D7D70CD1390FA6C00D0AD82 /* AsyncImageView.m in Sources */,
				7DC70E111393782C007AF5D1 /* Category.m in Sources */,
			);
			runOnlyForDeploymentPostprocessing = 0;
		};
/* End PBXSourcesBuildPhase section */

/* Begin XCBuildConfiguration section */
		1D6058940D05DD3E006BFB54 /* Debug */ = {
			isa = XCBuildConfiguration;
			buildSettings = {
				ALWAYS_SEARCH_USER_PATHS = NO;
				COPY_PHASE_STRIP = NO;
				GCC_DYNAMIC_NO_PIC = NO;
				GCC_OPTIMIZATION_LEVEL = 0;
				GCC_PRECOMPILE_PREFIX_HEADER = YES;
				GCC_PREFIX_HEADER = iWallpaper_Prefix.pch;
				INFOPLIST_FILE = "iWallpaper-Info.plist";
				IPHONEOS_DEPLOYMENT_TARGET = 4.0;
				PRODUCT_NAME = iWallpaper;
				SDKROOT = iphoneos4.2;
			};
			name = Debug;
		};
		1D6058950D05DD3E006BFB54 /* Release */ = {
			isa = XCBuildConfiguration;
			buildSettings = {
				ALWAYS_SEARCH_USER_PATHS = NO;
				COPY_PHASE_STRIP = YES;
				GCC_PRECOMPILE_PREFIX_HEADER = YES;
				GCC_PREFIX_HEADER = iWallpaper_Prefix.pch;
				INFOPLIST_FILE = "iWallpaper-Info.plist";
				PRODUCT_NAME = iWallpaper;
				VALIDATE_PRODUCT = YES;
			};
			name = Release;
		};
		C01FCF4F08A954540054247B /* Debug */ = {
			isa = XCBuildConfiguration;
			buildSettings = {
				ARCHS = "$(ARCHS_STANDARD_32_BIT)";
				"CODE_SIGN_IDENTITY[sdk=iphoneos*]" = "iPhone Developer";
				GCC_C_LANGUAGE_STANDARD = c99;
				GCC_WARN_ABOUT_RETURN_TYPE = YES;
				GCC_WARN_UNUSED_VARIABLE = YES;
				PREBINDING = NO;
				SDKROOT = iphoneos4.0;
			};
			name = Debug;
		};
		C01FCF5008A954540054247B /* Release */ = {
			isa = XCBuildConfiguration;
			buildSettings = {
				ARCHS = "$(ARCHS_STANDARD_32_BIT)";
				"CODE_SIGN_IDENTITY[sdk=iphoneos*]" = "iPhone Developer";
				GCC_C_LANGUAGE_STANDARD = c99;
				GCC_WARN_ABOUT_RETURN_TYPE = YES;
				GCC_WARN_UNUSED_VARIABLE = YES;
				OTHER_CFLAGS = "-DNS_BLOCK_ASSERTIONS=1";
				PREBINDING = NO;
				SDKROOT = iphoneos4.0;
			};
			name = Release;
		};
/* End XCBuildConfiguration section */

/* Begin XCConfigurationList section */
		1D6058960D05DD3E006BFB54 /* Build configuration list for PBXNativeTarget "iWallpaper" */ = {
			isa = XCConfigurationList;
			buildConfigurations = (
				1D6058940D05DD3E006BFB54 /* Debug */,
				1D6058950D05DD3E006BFB54 /* Release */,
			);
			defaultConfigurationIsVisible = 0;
			defaultConfigurationName = Release;
		};
		C01FCF4E08A954540054247B /* Build configuration list for PBXProject "iWallpaper" */ = {
			isa = XCConfigurationList;
			buildConfigurations = (
				C01FCF4F08A954540054247B /* Debug */,
				C01FCF5008A954540054247B /* Release */,
			);
			defaultConfigurationIsVisible = 0;
			defaultConfigurationName = Release;
		};
/* End XCConfigurationList section */
	};
	rootObject = 29B97313FDCFA39411CA2CEA /* Project object */;
}
